
Microsoft Visual Studio Solution File, Format Version 12.00
# Visual Studio Version 16
VisualStudioVersion = 16.0.31829.152
MinimumVisualStudioVersion = 10.0.40219.1
Project("{FAE04EC0-301F-11D3-BF4B-00C04F79EFBC}") = "Pattern MVVM", "Pattern MVVM\Pattern MVVM.csproj", "{8B5DACBD-54A5-4676-8BE8-EF55A3151782}"
EndProject
Global
	GlobalSection(SolutionConfigurationPlatforms) = preSolution
		Debug|Any CPU = Debug|Any CPU
		Release|Any CPU = Release|Any CPU
	EndGlobalSection
	GlobalSection(ProjectConfigurationPlatforms) = postSolution
		{8B5DACBD-54A5-4676-8BE8-EF55A3151782}.Debug|Any CPU.ActiveCfg = Debug|Any CPU
		{8B5DACBD-54A5-4676-8BE8-EF55A3151782}.Debug|Any CPU.Build.0 = Debug|Any CPU
		{8B5DACBD-54A5-4676-8BE8-EF55A3151782}.Release|Any CPU.ActiveCfg = Release|Any CPU
		{8B5DACBD-54A5-4676-8BE8-EF55A3151782}.Release|Any CPU.Build.0 = Release|Any CPU
	EndGlobalSection
	GlobalSection(SolutionProperties) = preSolution
		HideSolutionNode = FALSE
	EndGlobalSection
	GlobalSection(ExtensibilityGlobals) = postSolution
		SolutionGuid = {94E9308A-D932-4E09-A5EA-D3A7908F7E4C}
	EndGlobalSection
EndGlobal
